
Microsoft Visual Studio Solution File, Format Version 12.00
# Visual Studio Version 17
VisualStudioVersion = 17.7.34221.43
MinimumVisualStudioVersion = 10.0.40219.1
Project("{FAE04EC0-301F-11D3-BF4B-00C04F79EFBC}") = "Testktra1", "Testktra1.csproj", "{27C3F463-46B5-4A64-A944-31308DB1C1D4}"
EndProject
Global
	GlobalSection(SolutionConfigurationPlatforms) = preSolution
		Debug|Any CPU = Debug|Any CPU
		Release|Any CPU = Release|Any CPU
	EndGlobalSection
	GlobalSection(ProjectConfigurationPlatforms) = postSolution
		{27C3F463-46B5-4A64-A944-31308DB1C1D4}.Debug|Any CPU.ActiveCfg = Debug|Any CPU
		{27C3F463-46B5-4A64-A944-31308DB1C1D4}.Debug|Any CPU.Build.0 = Debug|Any CPU
		{27C3F463-46B5-4A64-A944-31308DB1C1D4}.Release|Any CPU.ActiveCfg = Release|Any CPU
		{27C3F463-46B5-4A64-A944-31308DB1C1D4}.Release|Any CPU.Build.0 = Release|Any CPU
	EndGlobalSection
	GlobalSection(SolutionProperties) = preSolution
		HideSolutionNode = FALSE
	EndGlobalSection
	GlobalSection(ExtensibilityGlobals) = postSolution
		SolutionGuid = {30E8866C-FF07-4224-A03B-98A1D6F1F59B}
	EndGlobalSection
EndGlobal
